
Microsoft Visual Studio Solution File, Format Version 12.00
# Visual Studio Version 16
VisualStudioVersion = 16.0.31105.61
MinimumVisualStudioVersion = 10.0.40219.1
Project("{9A19103F-16F7-4668-BE54-9A1E7A4F7556}") = "Silo", "Silo\Silo.csproj", "{0ACA346B-C5FC-4CB6-BBA1-6EA290CD4956}"
EndProject
Project("{9A19103F-16F7-4668-BE54-9A1E7A4F7556}") = "Client", "Client\Client.csproj", "{27EB32FE-2868-490A-BC84-C92DF66CBA63}"
EndProject
Project("{9A19103F-16F7-4668-BE54-9A1E7A4F7556}") = "Grains", "Grains\Grains.csproj", "{4BA7BA2D-22D7-44E8-A3E6-A8F3B5FFCD0B}"
EndProject
Project("{9A19103F-16F7-4668-BE54-9A1E7A4F7556}") = "Tests", "Tests\Tests.csproj", "{EA4EE292-A1A1-49D3-9439-CDD02595685F}"
EndProject
Project("{2150E333-8FDC-42A3-9474-1A3956D46DE8}") = "Solution Items", "Solution Items", "{017A3A32-B0BF-4641-9677-C3640EC13123}"
	ProjectSection(SolutionItems) = preProject
		.gitattributes = .gitattributes
		.gitignore = .gitignore
		build-and-run.ps1 = build-and-run.ps1
		docker-compose.yml = docker-compose.yml
		README.md = README.md
	EndProjectSection
EndProject
Project("{9A19103F-16F7-4668-BE54-9A1E7A4F7556}") = "API", "API\API.csproj", "{A6C93D20-6673-4360-98F5-AE04B9762D44}"
EndProject
Project("{9A19103F-16F7-4668-BE54-9A1E7A4F7556}") = "Interfaces", "Interfaces\Interfaces.csproj", "{8D4C2978-0A49-49AC-BFB0-B9CC9BD148BD}"
EndProject
Project("{9A19103F-16F7-4668-BE54-9A1E7A4F7556}") = "EventStore", "EventStore\EventStore.csproj", "{A5147BED-6269-483F-A290-29B2381B968A}"
EndProject
Project("{FAE04EC0-301F-11D3-BF4B-00C04F79EFBC}") = "EventSourcing", "EventSourcing\EventSourcing.csproj", "{9CC588EB-B669-4BB3-8E49-C36EE69A1249}"
EndProject
Global
	GlobalSection(SolutionConfigurationPlatforms) = preSolution
		Debug|Any CPU = Debug|Any CPU
		Release|Any CPU = Release|Any CPU
	EndGlobalSection
	GlobalSection(ProjectConfigurationPlatforms) = postSolution
		{0ACA346B-C5FC-4CB6-BBA1-6EA290CD4956}.Debug|Any CPU.ActiveCfg = Debug|Any CPU
		{0ACA346B-C5FC-4CB6-BBA1-6EA290CD4956}.Debug|Any CPU.Build.0 = Debug|Any CPU
		{0ACA346B-C5FC-4CB6-BBA1-6EA290CD4956}.Release|Any CPU.ActiveCfg = Release|Any CPU
		{0ACA346B-C5FC-4CB6-BBA1-6EA290CD4956}.Release|Any CPU.Build.0 = Release|Any CPU
		{27EB32FE-2868-490A-BC84-C92DF66CBA63}.Debug|Any CPU.ActiveCfg = Debug|Any CPU
		{27EB32FE-2868-490A-BC84-C92DF66CBA63}.Debug|Any CPU.Build.0 = Debug|Any CPU
		{27EB32FE-2868-490A-BC84-C92DF66CBA63}.Release|Any CPU.ActiveCfg = Release|Any CPU
		{27EB32FE-2868-490A-BC84-C92DF66CBA63}.Release|Any CPU.Build.0 = Release|Any CPU
		{4BA7BA2D-22D7-44E8-A3E6-A8F3B5FFCD0B}.Debug|Any CPU.ActiveCfg = Debug|Any CPU
		{4BA7BA2D-22D7-44E8-A3E6-A8F3B5FFCD0B}.Debug|Any CPU.Build.0 = Debug|Any CPU
		{4BA7BA2D-22D7-44E8-A3E6-A8F3B5FFCD0B}.Release|Any CPU.ActiveCfg = Release|Any CPU
		{4BA7BA2D-22D7-44E8-A3E6-A8F3B5FFCD0B}.Release|Any CPU.Build.0 = Release|Any CPU
		{EA4EE292-A1A1-49D3-9439-CDD02595685F}.Debug|Any CPU.ActiveCfg = Debug|Any CPU
		{EA4EE292-A1A1-49D3-9439-CDD02595685F}.Debug|Any CPU.Build.0 = Debug|Any CPU
		{EA4EE292-A1A1-49D3-9439-CDD02595685F}.Release|Any CPU.ActiveCfg = Release|Any CPU
		{EA4EE292-A1A1-49D3-9439-CDD02595685F}.Release|Any CPU.Build.0 = Release|Any CPU
		{A6C93D20-6673-4360-98F5-AE04B9762D44}.Debug|Any CPU.ActiveCfg = Debug|Any CPU
		{A6C93D20-6673-4360-98F5-AE04B9762D44}.Debug|Any CPU.Build.0 = Debug|Any CPU
		{A6C93D20-6673-4360-98F5-AE04B9762D44}.Release|Any CPU.ActiveCfg = Release|Any CPU
		{A6C93D20-6673-4360-98F5-AE04B9762D44}.Release|Any CPU.Build.0 = Release|Any CPU
		{8D4C2978-0A49-49AC-BFB0-B9CC9BD148BD}.Debug|Any CPU.ActiveCfg = Debug|Any CPU
		{8D4C2978-0A49-49AC-BFB0-B9CC9BD148BD}.Debug|Any CPU.Build.0 = Debug|Any CPU
		{8D4C2978-0A49-49AC-BFB0-B9CC9BD148BD}.Release|Any CPU.ActiveCfg = Release|Any CPU
		{8D4C2978-0A49-49AC-BFB0-B9CC9BD148BD}.Release|Any CPU.Build.0 = Release|Any CPU
		{A5147BED-6269-483F-A290-29B2381B968A}.Debug|Any CPU.ActiveCfg = Debug|Any CPU
		{A5147BED-6269-483F-A290-29B2381B968A}.Debug|Any CPU.Build.0 = Debug|Any CPU
		{A5147BED-6269-483F-A290-29B2381B968A}.Release|Any CPU.ActiveCfg = Release|Any CPU
		{A5147BED-6269-483F-A290-29B2381B968A}.Release|Any CPU.Build.0 = Release|Any CPU
		{9CC588EB-B669-4BB3-8E49-C36EE69A1249}.Debug|Any CPU.ActiveCfg = Debug|Any CPU
		{9CC588EB-B669-4BB3-8E49-C36EE69A1249}.Debug|Any CPU.Build.0 = Debug|Any CPU
		{9CC588EB-B669-4BB3-8E49-C36EE69A1249}.Release|Any CPU.ActiveCfg = Release|Any CPU
		{9CC588EB-B669-4BB3-8E49-C36EE69A1249}.Release|Any CPU.Build.0 = Release|Any CPU
	EndGlobalSection
	GlobalSection(SolutionProperties) = preSolution
		HideSolutionNode = FALSE
	EndGlobalSection
	GlobalSection(ExtensibilityGlobals) = postSolution
		SolutionGuid = {6D305E5D-38A6-49E3-B8F0-140526ADB44C}
	EndGlobalSection
EndGlobal
